
Microsoft Visual Studio Solution File, Format Version 12.00
# Visual Studio 15
VisualStudioVersion = 15.0.27004.2008
MinimumVisualStudioVersion = 10.0.40219.1
Project("{FAE04EC0-301F-11D3-BF4B-00C04F79EFBC}") = "Sensor", "Sensor\Sensor.csproj", "{7234F106-0CCE-4699-9197-66A2856B9266}"
EndProject
Global
	GlobalSection(SolutionConfigurationPlatforms) = preSolution
		Debug|Any CPU = Debug|Any CPU
		Release|Any CPU = Release|Any CPU
	EndGlobalSection
	GlobalSection(ProjectConfigurationPlatforms) = postSolution
		{7234F106-0CCE-4699-9197-66A2856B9266}.Debug|Any CPU.ActiveCfg = Debug|Any CPU
		{7234F106-0CCE-4699-9197-66A2856B9266}.Debug|Any CPU.Build.0 = Debug|Any CPU
		{7234F106-0CCE-4699-9197-66A2856B9266}.Release|Any CPU.ActiveCfg = Release|Any CPU
		{7234F106-0CCE-4699-9197-66A2856B9266}.Release|Any CPU.Build.0 = Release|Any CPU
	EndGlobalSection
	GlobalSection(SolutionProperties) = preSolution
		HideSolutionNode = FALSE
	EndGlobalSection
	GlobalSection(ExtensibilityGlobals) = postSolution
		SolutionGuid = {A0E65CAC-F1A2-4808-9267-BE45E94D2FE7}
	EndGlobalSection
EndGlobal
